<?xml version="1.0" encoding="utf-8"?>
<Project ToolsVersion="4.0" xmlns="http://schemas.microsoft.com/developer/msbuild/2003">
  <ItemGroup>
    <Filter Include="Header Files">
      <UniqueIdentifier>{93995380-89BD-4b04-88EB-625FBE52EBFB}</UniqueIdentifier>
      <Extensions>h;hh;hpp;hxx;hm;inl;inc;xsd</Extensions>
    </Filter>
    <Filter Include="Resource Files">
      <UniqueIdentifier>{67DA6AB6-F800-4c08-8B7A-83BB121AAD01}</UniqueIdentifier>
      <Extensions>rc;ico;cur;bmp;dlg;rc2;rct;bin;rgs;gif;jpg;jpeg;jpe;resx;tiff;tif;png;wav;mfcribbon-ms</Extensions>
    </Filter>
    <Filter Include="src">
      <UniqueIdentifier>{4FC737F1-C7A5-4376-A066-2A32D752A2FF}</UniqueIdentifier>
      <Extensions>cpp;c;cc;cxx;def;odl;idl;hpj;bat;asm;asmx</Extensions>
    </Filter>
    <Filter Include="src\layers_tests">
      <UniqueIdentifier>{47acd73a-5cc1-4de1-8a64-6204cc339dc7}</UniqueIdentifier>
    </Filter>
    <Filter Include="src\network_tests">
      <UniqueIdentifier>{b9724b92-6b51-4b12-b610-1746a7ba6a26}</UniqueIdentifier>
    </Filter>
  </ItemGroup>
  <ItemGroup>
    <ClCompile Include="..\..\tests\run_tests.cpp">
      <Filter>src</Filter>
    </ClCompile>
  </ItemGroup>
  <ItemGroup>
    <ClInclude Include="..\..\tests\stdafx.h">
      <Filter>src</Filter>
    </ClInclude>
    <ClInclude Include="..\..\tests\tests.h">
      <Filter>src</Filter>
    </ClInclude>
    <ClInclude Include="..\..\tests\layers_tests\average_pooling_layer_test.h">
      <Filter>src\layers_tests</Filter>
    </ClInclude>
    <ClInclude Include="..\..\tests\layers_tests\max_pooling_layer_test.h">
      <Filter>src\layers_tests</Filter>
    </ClInclude>
    <ClInclude Include="..\..\tests\layers_tests\fully_connected_layer_test.h">
      <Filter>src\layers_tests</Filter>
    </ClInclude>
    <ClInclude Include="..\..\tests\layers_tests\relu_layer_test.h">
      <Filter>src\layers_tests</Filter>
    </ClInclude>
    <ClInclude Include="..\..\tests\layers_tests\leaky_layer_test.h">
      <Filter>src\layers_tests</Filter>
    </ClInclude>
    <ClInclude Include="..\..\tests\layers_tests\softmax_loss_layer_test.h">
      <Filter>src\layers_tests</Filter>
    </ClInclude>
  </ItemGroup>
  <ItemGroup>
    <None Include="packages.config" />
  </ItemGroup>
</Project>